
Microsoft Visual Studio Solution File, Format Version 12.00
# Visual Studio 2012
Project("{FAE04EC0-301F-11D3-BF4B-00C04F79EFBC}") = "P3-3 Distance Traveled", "P3-3 Distance Traveled\P3-3 Distance Traveled.csproj", "{3C4064F2-B4E8-4931-BE73-07D4AB83E110}"
EndProject
Global
	GlobalSection(SolutionConfigurationPlatforms) = preSolution
		Debug|Any CPU = Debug|Any CPU
		Release|Any CPU = Release|Any CPU
	EndGlobalSection
	GlobalSection(ProjectConfigurationPlatforms) = postSolution
		{3C4064F2-B4E8-4931-BE73-07D4AB83E110}.Debug|Any CPU.ActiveCfg = Debug|Any CPU
		{3C4064F2-B4E8-4931-BE73-07D4AB83E110}.Debug|Any CPU.Build.0 = Debug|Any CPU
		{3C4064F2-B4E8-4931-BE73-07D4AB83E110}.Release|Any CPU.ActiveCfg = Release|Any CPU
		{3C4064F2-B4E8-4931-BE73-07D4AB83E110}.Release|Any CPU.Build.0 = Release|Any CPU
	EndGlobalSection
	GlobalSection(SolutionProperties) = preSolution
		HideSolutionNode = FALSE
	EndGlobalSection
EndGlobal
